
Microsoft Visual Studio Solution File, Format Version 12.00
# Visual Studio 15
VisualStudioVersion = 15.0.26730.15
MinimumVisualStudioVersion = 10.0.40219.1
Project("{FAE04EC0-301F-11D3-BF4B-00C04F79EFBC}") = "SICER.MIGRACION", "SICER.MIGRACION\SICER.MIGRACION.csproj", "{13462444-F64A-4255-94CE-32D7723F29DA}"
EndProject
Project("{54435603-DBB4-11D2-8724-00A0C9A8B90C}") = "SICER.MIGRACION.INSTALLER", "SICER.MIGRACION.INSTALLER\SICER.MIGRACION.INSTALLER.vdproj", "{232171D0-1E31-4BAC-8FFE-B72FA35B3688}"
EndProject
Global
	GlobalSection(SolutionConfigurationPlatforms) = preSolution
		Debug|Any CPU = Debug|Any CPU
		Release|Any CPU = Release|Any CPU
	EndGlobalSection
	GlobalSection(ProjectConfigurationPlatforms) = postSolution
		{13462444-F64A-4255-94CE-32D7723F29DA}.Debug|Any CPU.ActiveCfg = Debug|Any CPU
		{13462444-F64A-4255-94CE-32D7723F29DA}.Debug|Any CPU.Build.0 = Debug|Any CPU
		{13462444-F64A-4255-94CE-32D7723F29DA}.Release|Any CPU.ActiveCfg = Release|Any CPU
		{13462444-F64A-4255-94CE-32D7723F29DA}.Release|Any CPU.Build.0 = Release|Any CPU
		{232171D0-1E31-4BAC-8FFE-B72FA35B3688}.Debug|Any CPU.ActiveCfg = Debug
		{232171D0-1E31-4BAC-8FFE-B72FA35B3688}.Release|Any CPU.ActiveCfg = Release
	EndGlobalSection
	GlobalSection(SolutionProperties) = preSolution
		HideSolutionNode = FALSE
	EndGlobalSection
	GlobalSection(ExtensibilityGlobals) = postSolution
		SolutionGuid = {EAA16E7A-06D5-4DFE-8ACF-1B07F40F9578}
	EndGlobalSection
EndGlobal
